
Microsoft Visual Studio Solution File, Format Version 12.00
# Visual Studio Version 17
VisualStudioVersion = 17.5.33530.505
MinimumVisualStudioVersion = 10.0.40219.1
Project("{54A90642-561A-4BB1-A94E-469ADEE60C69}") = "Amaris.Client", "Amaris.Client\angularapp\Amaris.Client.esproj", "{A93B1D0D-9CFF-41B1-B53F-57F79C43DF4D}"
EndProject
Project("{9A19103F-16F7-4668-BE54-9A1E7A4F7556}") = "Amaris.WebAPI", "Amaris.Client\webapi\Amaris.WebAPI.csproj", "{90BD2A08-6229-4D6D-8744-45D34B43F5E5}"
EndProject
Global
	GlobalSection(SolutionConfigurationPlatforms) = preSolution
		Debug|Any CPU = Debug|Any CPU
		Release|Any CPU = Release|Any CPU
	EndGlobalSection
	GlobalSection(ProjectConfigurationPlatforms) = postSolution
		{A93B1D0D-9CFF-41B1-B53F-57F79C43DF4D}.Debug|Any CPU.ActiveCfg = Debug|Any CPU
		{A93B1D0D-9CFF-41B1-B53F-57F79C43DF4D}.Debug|Any CPU.Build.0 = Debug|Any CPU
		{A93B1D0D-9CFF-41B1-B53F-57F79C43DF4D}.Debug|Any CPU.Deploy.0 = Debug|Any CPU
		{A93B1D0D-9CFF-41B1-B53F-57F79C43DF4D}.Release|Any CPU.ActiveCfg = Release|Any CPU
		{A93B1D0D-9CFF-41B1-B53F-57F79C43DF4D}.Release|Any CPU.Build.0 = Release|Any CPU
		{A93B1D0D-9CFF-41B1-B53F-57F79C43DF4D}.Release|Any CPU.Deploy.0 = Release|Any CPU
		{90BD2A08-6229-4D6D-8744-45D34B43F5E5}.Debug|Any CPU.ActiveCfg = Debug|Any CPU
		{90BD2A08-6229-4D6D-8744-45D34B43F5E5}.Debug|Any CPU.Build.0 = Debug|Any CPU
		{90BD2A08-6229-4D6D-8744-45D34B43F5E5}.Release|Any CPU.ActiveCfg = Release|Any CPU
		{90BD2A08-6229-4D6D-8744-45D34B43F5E5}.Release|Any CPU.Build.0 = Release|Any CPU
	EndGlobalSection
	GlobalSection(SolutionProperties) = preSolution
		HideSolutionNode = FALSE
	EndGlobalSection
	GlobalSection(ExtensibilityGlobals) = postSolution
		SolutionGuid = {E8ECACC6-4853-4C2A-842C-F5E2BD37C651}
	EndGlobalSection
EndGlobal
